
Microsoft Visual Studio Solution File, Format Version 12.00
# Visual Studio Version 17
VisualStudioVersion = 17.9.34622.214
MinimumVisualStudioVersion = 10.0.40219.1
Project("{9A19103F-16F7-4668-BE54-9A1E7A4F7556}") = "EY.CE.Copilot.API", "EY.CE.Copilot.API\EY.CE.Copilot.API.csproj", "{1981121A-D466-47E2-9152-5860E3A371C0}"
EndProject
Project("{9A19103F-16F7-4668-BE54-9A1E7A4F7556}") = "EY.CE.Copilot.Data", "EY.CE.Copilot.Data\EY.CE.Copilot.Data.csproj", "{894712FE-6274-44DA-8006-4A37F842B451}"
EndProject
Project("{9A19103F-16F7-4668-BE54-9A1E7A4F7556}") = "AssistantAPITest", "AssistantAPITest\AssistantAPITest.csproj", "{039A00F2-F5E7-4A83-BD5B-3EFDEE2B5F08}"
EndProject
Global
	GlobalSection(SolutionConfigurationPlatforms) = preSolution
		Debug|Any CPU = Debug|Any CPU
		Release|Any CPU = Release|Any CPU
	EndGlobalSection
	GlobalSection(ProjectConfigurationPlatforms) = postSolution
		{1981121A-D466-47E2-9152-5860E3A371C0}.Debug|Any CPU.ActiveCfg = Debug|Any CPU
		{1981121A-D466-47E2-9152-5860E3A371C0}.Debug|Any CPU.Build.0 = Debug|Any CPU
		{1981121A-D466-47E2-9152-5860E3A371C0}.Release|Any CPU.ActiveCfg = Release|Any CPU
		{1981121A-D466-47E2-9152-5860E3A371C0}.Release|Any CPU.Build.0 = Release|Any CPU
		{894712FE-6274-44DA-8006-4A37F842B451}.Debug|Any CPU.ActiveCfg = Debug|Any CPU
		{894712FE-6274-44DA-8006-4A37F842B451}.Debug|Any CPU.Build.0 = Debug|Any CPU
		{894712FE-6274-44DA-8006-4A37F842B451}.Release|Any CPU.ActiveCfg = Release|Any CPU
		{894712FE-6274-44DA-8006-4A37F842B451}.Release|Any CPU.Build.0 = Release|Any CPU
		{039A00F2-F5E7-4A83-BD5B-3EFDEE2B5F08}.Debug|Any CPU.ActiveCfg = Debug|Any CPU
		{039A00F2-F5E7-4A83-BD5B-3EFDEE2B5F08}.Debug|Any CPU.Build.0 = Debug|Any CPU
		{039A00F2-F5E7-4A83-BD5B-3EFDEE2B5F08}.Release|Any CPU.ActiveCfg = Release|Any CPU
		{039A00F2-F5E7-4A83-BD5B-3EFDEE2B5F08}.Release|Any CPU.Build.0 = Release|Any CPU
	EndGlobalSection
	GlobalSection(SolutionProperties) = preSolution
		HideSolutionNode = FALSE
	EndGlobalSection
	GlobalSection(ExtensibilityGlobals) = postSolution
		SolutionGuid = {10E8B5D4-04E7-4B47-90F5-8E4D1138C011}
	EndGlobalSection
EndGlobal
